// !$*UTF8*$!
{
	archiveVersion = 1;
	classes = {
	};
	objectVersion = 50;
	objects = {

/* Begin PBXBuildFile section */
		FB5196C6217F5FB400FFD447 /* AppDelegate.swift in Sources */ = {isa = PBXBuildFile; fileRef = FB5196C5217F5FB400FFD447 /* AppDelegate.swift */; };
		FB5196C8217F5FB400FFD447 /* AlgorithmViewController.swift in Sources */ = {isa = PBXBuildFile; fileRef = FB5196C7217F5FB400FFD447 /* AlgorithmViewController.swift */; };
		FB5196CB217F5FB400FFD447 /* Main.storyboard in Resources */ = {isa = PBXBuildFile; fileRef = FB5196C9217F5FB400FFD447 /* Main.storyboard */; };
		FB5196CD217F5FB500FFD447 /* Assets.xcassets in Resources */ = {isa = PBXBuildFile; fileRef = FB5196CC217F5FB500FFD447 /* Assets.xcassets */; };
		FB5196D0217F5FB500FFD447 /* LaunchScreen.storyboard in Resources */ = {isa = PBXBuildFile; fileRef = FB5196CE217F5FB500FFD447 /* LaunchScreen.storyboard */; };
/* End PBXBuildFile section */

/* Begin PBXFileReference section */
		FB5196C2217F5FB400FFD447 /* JensenAlgorithm.app */ = {isa = PBXFileReference; explicitFileType = wrapper.application; includeInIndex = 0; path = JensenAlgorithm.app; sourceTree = BUILT_PRODUCTS_DIR; };
		FB5196C5217F5FB400FFD447 /* AppDelegate.swift */ = {isa = PBXFileReference; lastKnownFileType = sourcecode.swift; path = AppDelegate.swift; sourceTree = "<group>"; };
		FB5196C7217F5FB400FFD447 /* AlgorithmViewController.swift */ = {isa = PBXFileReference; lastKnownFileType = sourcecode.swift; path = AlgorithmViewController.swift; sourceTree = "<group>"; };
		FB5196CA217F5FB400FFD447 /* Base */ = {isa = PBXFileReference; lastKnownFileType = file.storyboard; name = Base; path = Base.lproj/Main.storyboard; sourceTree = "<group>"; };
		FB5196CC217F5FB500FFD447 /* Assets.xcassets */ = {isa = PBXFileReference; lastKnownFileType = folder.assetcatalog; path = Assets.xcassets; sourceTree = "<group>"; };
		FB5196CF217F5FB500FFD447 /* Base */ = {isa = PBXFileReference; lastKnownFileType = file.storyboard; name = Base; path = Base.lproj/LaunchScreen.storyboard; sourceTree = "<group>"; };
		FB5196D1217F5FB500FFD447 /* Info.plist */ = {isa = PBXFileReference; lastKnownFileType = text.plist.xml; path = Info.plist; sourceTree = "<group>"; };
/* End PBXFileReference section */

/* Begin PBXFrameworksBuildPhase section */
		FB5196BF217F5FB400FFD447 /* Frameworks */ = {
			isa = PBXFrameworksBuildPhase;
			buildActionMask = 2147483647;
			files = (
			);
			runOnlyForDeploymentPostprocessing = 0;
		};
/* End PBXFrameworksBuildPhase section */

/* Begin PBXGroup section */
		FB5196B9217F5FB400FFD447 = {
			isa = PBXGroup;
			children = (
				FB5196C4217F5FB400FFD447 /* JensenAlgorithm */,
				FB5196C3217F5FB400FFD447 /* Products */,
			);
			sourceTree = "<group>";
		};
		FB5196C3217F5FB400FFD447 /* Products */ = {
			isa = PBXGroup;
			children = (
				FB5196C2217F5FB400FFD447 /* JensenAlgorithm.app */,
			);
			name = Products;
			sourceTree = "<group>";
		};
		FB5196C4217F5FB400FFD447 /* JensenAlgorithm */ = {
			isa = PBXGroup;
			children = (
				FB5196D7217F604000FFD447 /* Resources */,
				FB5196D8217F604D00FFD447 /* Controller */,
				FB5196D9217F606300FFD447 /* View */,
			);
			path = JensenAlgorithm;
			sourceTree = "<group>";
		};
		FB5196D7217F604000FFD447 /* Resources */ = {
			isa = PBXGroup;
			children = (
				FB5196C5217F5FB400FFD447 /* AppDelegate.swift */,
				FB5196CC217F5FB500FFD447 /* Assets.xcassets */,
				FB5196D1217F5FB500FFD447 /* Info.plist */,
			);
			path = Resources;
			sourceTree = "<group>";
		};
		FB5196D8217F604D00FFD447 /* Controller */ = {
			isa = PBXGroup;
			children = (
				FB5196C7217F5FB400FFD447 /* AlgorithmViewController.swift */,
			);
			path = Controller;
			sourceTree = "<group>";
		};
		FB5196D9217F606300FFD447 /* View */ = {
			isa = PBXGroup;
			children = (
				FB5196C9217F5FB400FFD447 /* Main.storyboard */,
				FB5196CE217F5FB500FFD447 /* LaunchScreen.storyboard */,
			);
			path = View;
			sourceTree = "<group>";
		};
/* End PBXGroup section */

/* Begin PBXNativeTarget section */
		FB5196C1217F5FB400FFD447 /* JensenAlgorithm */ = {
			isa = PBXNativeTarget;
			buildConfigurationList = FB5196D4217F5FB500FFD447 /* Build configuration list for PBXNativeTarget "JensenAlgorithm" */;
			buildPhases = (
				FB5196BE217F5FB400FFD447 /* Sources */,
				FB5196BF217F5FB400FFD447 /* Frameworks */,
				FB5196C0217F5FB400FFD447 /* Resources */,
			);
			buildRules = (
			);
			dependencies = (
			);
			name = JensenAlgorithm;
			productName = "Jensen Algorithm";
			productReference = FB5196C2217F5FB400FFD447 /* JensenAlgorithm.app */;
			productType = "com.apple.product-type.application";
		};
/* End PBXNativeTarget section */

/* Begin PBXProject section */
		FB5196BA217F5FB400FFD447 /* Project object */ = {
			isa = PBXProject;
			attributes = {
				LastSwiftUpdateCheck = 0940;
				LastUpgradeCheck = 0940;
				ORGANIZATIONNAME = "Judkins, Jensen";
				TargetAttributes = {
					FB5196C1217F5FB400FFD447 = {
						CreatedOnToolsVersion = 9.4.1;
					};
				};
			};
			buildConfigurationList = FB5196BD217F5FB400FFD447 /* Build configuration list for PBXProject "JensenAlgorithm" */;
			compatibilityVersion = "Xcode 9.3";
			developmentRegion = en;
			hasScannedForEncodings = 0;
			knownRegions = (
				en,
				Base,
			);
			mainGroup = FB5196B9217F5FB400FFD447;
			productRefGroup = FB5196C3217F5FB400FFD447 /* Products */;
			projectDirPath = "";
			projectRoot = "";
			targets = (
				FB5196C1217F5FB400FFD447 /* JensenAlgorithm */,
			);
		};
/* End PBXProject section */

/* Begin PBXResourcesBuildPhase section */
		FB5196C0217F5FB400FFD447 /* Resources */ = {
			isa = PBXResourcesBuildPhase;
			buildActionMask = 2147483647;
			files = (
				FB5196D0217F5FB500FFD447 /* LaunchScreen.storyboard in Resources */,
				FB5196CD217F5FB500FFD447 /* Assets.xcassets in Resources */,
				FB5196CB217F5FB400FFD447 /* Main.storyboard in Resources */,
			);
			runOnlyForDeploymentPostprocessing = 0;
		};
/* End PBXResourcesBuildPhase section */

/* Begin PBXSourcesBuildPhase section */
		FB5196BE217F5FB400FFD447 /* Sources */ = {
			isa = PBXSourcesBuildPhase;
			buildActionMask = 2147483647;
			files = (
				FB5196C8217F5FB400FFD447 /* AlgorithmViewController.swift in Sources */,
				FB5196C6217F5FB400FFD447 /* AppDelegate.swift in Sources */,
			);
			runOnlyForDeploymentPostprocessing = 0;
		};
/* End PBXSourcesBuildPhase section */

/* Begin PBXVariantGroup section */
		FB5196C9217F5FB400FFD447 /* Main.storyboard */ = {
			isa = PBXVariantGroup;
			children = (
				FB5196CA217F5FB400FFD447 /* Base */,
			);
			name = Main.storyboard;
			sourceTree = "<group>";
		};
		FB5196CE217F5FB500FFD447 /* LaunchScreen.storyboard */ = {
			isa = PBXVariantGroup;
			children = (
				FB5196CF217F5FB500FFD447 /* Base */,
			);
			name = LaunchScreen.storyboard;
			sourceTree = "<group>";
		};
/* End PBXVariantGroup section */

/* Begin XCBuildConfiguration section */
		FB5196D2217F5FB500FFD447 /* Debug */ = {
			isa = XCBuildConfiguration;
			buildSettings = {
				ALWAYS_SEARCH_USER_PATHS = NO;
				CLANG_ANALYZER_NONNULL = YES;
				CLANG_ANALYZER_NUMBER_OBJECT_CONVERSION = YES_AGGRESSIVE;
				CLANG_CXX_LANGUAGE_STANDARD = "gnu++14";
				CLANG_CXX_LIBRARY = "libc++";
				CLANG_ENABLE_MODULES = YES;
				CLANG_ENABLE_OBJC_ARC = YES;
				CLANG_ENABLE_OBJC_WEAK = YES;
				CLANG_WARN_BLOCK_CAPTURE_AUTORELEASING = YES;
				CLANG_WARN_BOOL_CONVERSION = YES;
				CLANG_WARN_COMMA = YES;
				CLANG_WARN_CONSTANT_CONVERSION = YES;
				CLANG_WARN_DEPRECATED_OBJC_IMPLEMENTATIONS = YES;
				CLANG_WARN_DIRECT_OBJC_ISA_USAGE = YES_ERROR;
				CLANG_WARN_DOCUMENTATION_COMMENTS = YES;
				CLANG_WARN_EMPTY_BODY = YES;
				CLANG_WARN_ENUM_CONVERSION = YES;
				CLANG_WARN_INFINITE_RECURSION = YES;
				CLANG_WARN_INT_CONVERSION = YES;
				CLANG_WARN_NON_LITERAL_NULL_CONVERSION = YES;
				CLANG_WARN_OBJC_IMPLICIT_RETAIN_SELF = YES;
				CLANG_WARN_OBJC_LITERAL_CONVERSION = YES;
				CLANG_WARN_OBJC_ROOT_CLASS = YES_ERROR;
				CLANG_WARN_RANGE_LOOP_ANALYSIS = YES;
				CLANG_WARN_STRICT_PROTOTYPES = YES;
				CLANG_WARN_SUSPICIOUS_MOVE = YES;
				CLANG_WARN_UNGUARDED_AVAILABILITY = YES_AGGRESSIVE;
				CLANG_WARN_UNREACHABLE_CODE = YES;
				CLANG_WARN__DUPLICATE_METHOD_MATCH = YES;
				CODE_SIGN_IDENTITY = "iPhone Developer";
				COPY_PHASE_STRIP = NO;
				DEBUG_INFORMATION_FORMAT = dwarf;
				ENABLE_STRICT_OBJC_MSGSEND = YES;
				ENABLE_TESTABILITY = YES;
				GCC_C_LANGUAGE_STANDARD = gnu11;
				GCC_DYNAMIC_NO_PIC = NO;
				GCC_NO_COMMON_BLOCKS = YES;
				GCC_OPTIMIZATION_LEVEL = 0;
				GCC_PREPROCESSOR_DEFINITIONS = (
					"DEBUG=1",
					"$(inherited)",
				);
				GCC_WARN_64_TO_32_BIT_CONVERSION = YES;
				GCC_WARN_ABOUT_RETURN_TYPE = YES_ERROR;
				GCC_WARN_UNDECLARED_SELECTOR = YES;
				GCC_WARN_UNINITIALIZED_AUTOS = YES_AGGRESSIVE;
				GCC_WARN_UNUSED_FUNCTION = YES;
				GCC_WARN_UNUSED_VARIABLE = YES;
				IPHONEOS_DEPLOYMENT_TARGET = 11.4;
				MTL_ENABLE_DEBUG_INFO = YES;
				ONLY_ACTIVE_ARCH = YES;
				SDKROOT = iphoneos;
				SWIFT_ACTIVE_COMPILATION_CONDITIONS = DEBUG;
				SWIFT_OPTIMIZATION_LEVEL = "-Onone";
			};
			name = Debug;
		};
		FB5196D3217F5FB500FFD447 /* Release */ = {
			isa = XCBuildConfiguration;
			buildSettings = {
				ALWAYS_SEARCH_USER_PATHS = NO;
				CLANG_ANALYZER_NONNULL = YES;
				CLANG_ANALYZER_NUMBER_OBJECT_CONVERSION = YES_AGGRESSIVE;
				CLANG_CXX_LANGUAGE_STANDARD = "gnu++14";
				CLANG_CXX_LIBRARY = "libc++";
				CLANG_ENABLE_MODULES = YES;
				CLANG_ENABLE_OBJC_ARC = YES;
				CLANG_ENABLE_OBJC_WEAK = YES;
				CLANG_WARN_BLOCK_CAPTURE_AUTORELEASING = YES;
				CLANG_WARN_BOOL_CONVERSION = YES;
				CLANG_WARN_COMMA = YES;
				CLANG_WARN_CONSTANT_CONVERSION = YES;
				CLANG_WARN_DEPRECATED_OBJC_IMPLEMENTATIONS = YES;
				CLANG_WARN_DIRECT_OBJC_ISA_USAGE = YES_ERROR;
				CLANG_WARN_DOCUMENTATION_COMMENTS = YES;
				CLANG_WARN_EMPTY_BODY = YES;
				CLANG_WARN_ENUM_CONVERSION = YES;
				CLANG_WARN_INFINITE_RECURSION = YES;
				CLANG_WARN_INT_CONVERSION = YES;
				CLANG_WARN_NON_LITERAL_NULL_CONVERSION = YES;
				CLANG_WARN_OBJC_IMPLICIT_RETAIN_SELF = YES;
				CLANG_WARN_OBJC_LITERAL_CONVERSION = YES;
				CLANG_WARN_OBJC_ROOT_CLASS = YES_ERROR;
				CLANG_WARN_RANGE_LOOP_ANALYSIS = YES;
				CLANG_WARN_STRICT_PROTOTYPES = YES;
				CLANG_WARN_SUSPICIOUS_MOVE = YES;
				CLANG_WARN_UNGUARDED_AVAILABILITY = YES_AGGRESSIVE;
				CLANG_WARN_UNREACHABLE_CODE = YES;
				CLANG_WARN__DUPLICATE_METHOD_MATCH = YES;
				CODE_SIGN_IDENTITY = "iPhone Developer";
				COPY_PHASE_STRIP = NO;
				DEBUG_INFORMATION_FORMAT = "dwarf-with-dsym";
				ENABLE_NS_ASSERTIONS = NO;
				ENABLE_STRICT_OBJC_MSGSEND = YES;
				GCC_C_LANGUAGE_STANDARD = gnu11;
				GCC_NO_COMMON_BLOCKS = YES;
				GCC_WARN_64_TO_32_BIT_CONVERSION = YES;
				GCC_WARN_ABOUT_RETURN_TYPE = YES_ERROR;
				GCC_WARN_UNDECLARED_SELECTOR = YES;
				GCC_WARN_UNINITIALIZED_AUTOS = YES_AGGRESSIVE;
				GCC_WARN_UNUSED_FUNCTION = YES;
				GCC_WARN_UNUSED_VARIABLE = YES;
				IPHONEOS_DEPLOYMENT_TARGET = 11.4;
				MTL_ENABLE_DEBUG_INFO = NO;
				SDKROOT = iphoneos;
				SWIFT_COMPILATION_MODE = wholemodule;
				SWIFT_OPTIMIZATION_LEVEL = "-O";
				VALIDATE_PRODUCT = YES;
			};
			name = Release;
		};
		FB5196D5217F5FB500FFD447 /* Debug */ = {
			isa = XCBuildConfiguration;
			buildSettings = {
				ASSETCATALOG_COMPILER_APPICON_NAME = AppIcon;
				CODE_SIGN_STYLE = Automatic;
				INFOPLIST_FILE = "$(SRCROOT)/JensenAlgorithm/Resources/Info.plist";
				LD_RUNPATH_SEARCH_PATHS = (
					"$(inherited)",
					"@executable_path/Frameworks",
				);
				PRODUCT_BUNDLE_IDENTIFIER = "CTECH.Jensen-Algorithm";
				PRODUCT_NAME = "$(TARGET_NAME)";
				SWIFT_VERSION = 4.0;
				TARGETED_DEVICE_FAMILY = "1,2";
			};
			name = Debug;
		};
		FB5196D6217F5FB500FFD447 /* Release */ = {
			isa = XCBuildConfiguration;
			buildSettings = {
				ASSETCATALOG_COMPILER_APPICON_NAME = AppIcon;
				CODE_SIGN_STYLE = Automatic;
				INFOPLIST_FILE = "$(SRCROOT)/JensenAlgorithm/Resources/Info.plist";
				LD_RUNPATH_SEARCH_PATHS = (
					"$(inherited)",
					"@executable_path/Frameworks",
				);
				PRODUCT_BUNDLE_IDENTIFIER = "CTECH.Jensen-Algorithm";
				PRODUCT_NAME = "$(TARGET_NAME)";
				SWIFT_VERSION = 4.0;
				TARGETED_DEVICE_FAMILY = "1,2";
			};
			name = Release;
		};
/* End XCBuildConfiguration section */

/* Begin XCConfigurationList section */
		FB5196BD217F5FB400FFD447 /* Build configuration list for PBXProject "JensenAlgorithm" */ = {
			isa = XCConfigurationList;
			buildConfigurations = (
				FB5196D2217F5FB500FFD447 /* Debug */,
				FB5196D3217F5FB500FFD447 /* Release */,
			);
			defaultConfigurationIsVisible = 0;
			defaultConfigurationName = Release;
		};
		FB5196D4217F5FB500FFD447 /* Build configuration list for PBXNativeTarget "JensenAlgorithm" */ = {
			isa = XCConfigurationList;
			buildConfigurations = (
				FB5196D5217F5FB500FFD447 /* Debug */,
				FB5196D6217F5FB500FFD447 /* Release */,
			);
			defaultConfigurationIsVisible = 0;
			defaultConfigurationName = Release;
		};
/* End XCConfigurationList section */
	};
	rootObject = FB5196BA217F5FB400FFD447 /* Project object */;
}
